github.com/gomarkdown/markdown v0.0.0-20221013030248-663e2500819c h1:iyaGYbCmcYK0Ja9a3OUa2Fo+EaN0cbLu0eKpBwPFzc8=
github.com/gomarkdown/markdown v0.0.0-20221013030248-663e2500819c/go.mod h1:JDGcbDT52eL4fju3sZ4TeHGsQwhG9nbDV21aMyhwPoA=
golang.org/x/net v0.7.0 h1:rJrUqqhjsgNp7KqAIc25s9pZnjU7TUcSY7HcVZjdn1g=
golang.org/x/net v0.7.0/go.mod h1:2Tu9+aMcznHK/AK1HMvgo6xiTLG5rD5rZLDS+rp2Bjs=
